
Microsoft Visual Studio Solution File, Format Version 12.00
# Visual Studio 15
VisualStudioVersion = 15.0.28307.421
MinimumVisualStudioVersion = 10.0.40219.1
Project("{FAE04EC0-301F-11D3-BF4B-00C04F79EFBC}") = "ClientProxy-P4-007_Form", "ClientProxy-P4-007_Form\ClientProxy-P4-007_Form.csproj", "{9729608E-D6DA-4FC9-B798-16D60935C8E7}"
EndProject
Global
	GlobalSection(SolutionConfigurationPlatforms) = preSolution
		Debug|Any CPU = Debug|Any CPU
		Release|Any CPU = Release|Any CPU
	EndGlobalSection
	GlobalSection(ProjectConfigurationPlatforms) = postSolution
		{9729608E-D6DA-4FC9-B798-16D60935C8E7}.Debug|Any CPU.ActiveCfg = Debug|Any CPU
		{9729608E-D6DA-4FC9-B798-16D60935C8E7}.Debug|Any CPU.Build.0 = Debug|Any CPU
		{9729608E-D6DA-4FC9-B798-16D60935C8E7}.Release|Any CPU.ActiveCfg = Release|Any CPU
		{9729608E-D6DA-4FC9-B798-16D60935C8E7}.Release|Any CPU.Build.0 = Release|Any CPU
	EndGlobalSection
	GlobalSection(SolutionProperties) = preSolution
		HideSolutionNode = FALSE
	EndGlobalSection
	GlobalSection(ExtensibilityGlobals) = postSolution
		SolutionGuid = {96B48B24-6B7D-480B-8791-8EC159DB1E98}
	EndGlobalSection
EndGlobal
